{
  "version": 4,
  "terraform_version": "0.13.0",
  "serial": 30,
  "lineage": "060fdd83-ada4-0955-de7e-5e317cbfc0c4",
  "outputs": {},
  "resources": [
    {
      "mode": "managed",
      "type": "google_compute_firewall",
      "name": "default",
      "provider": "provider[\"registry.terraform.io/hashicorp/google\"]",
      "instances": [
        {
          "schema_version": 1,
          "attributes": {
            "allow": [
              {
                "ports": [
                  "22",
                  "9200",
                  "5601"
                ],
                "protocol": "tcp"
              },
              {
                "ports": [],
                "protocol": "icmp"
              }
            ],
            "creation_timestamp": "2020-08-11T05:54:36.659-07:00",
            "deny": [],
            "description": "",
            "destination_ranges": [],
            "direction": "INGRESS",
            "disabled": false,
            "id": "test-firewall",
            "name": "test-firewall",
            "network": "https://www.googleapis.com/compute/v1/projects/fontana-286108/global/networks/fontana-test",
            "priority": 1000,
            "project": "fontana-286108",
            "self_link": "https://www.googleapis.com/compute/v1/projects/fontana-286108/global/firewalls/test-firewall",
            "source_ranges": [
              "94.142.235.197/32"
            ],
            "source_service_accounts": [],
            "source_tags": [
              "fontana-test"
            ],
            "target_service_accounts": [],
            "target_tags": [],
            "timeouts": null
          },
          "private": "eyJlMmJmYjczMC1lY2FhLTExZTYtOGY4OC0zNDM2M2JjN2M0YzAiOnsiY3JlYXRlIjoyNDAwMDAwMDAwMDAsImRlbGV0ZSI6MjQwMDAwMDAwMDAwLCJ1cGRhdGUiOjI0MDAwMDAwMDAwMH0sInNjaGVtYV92ZXJzaW9uIjoiMSJ9",
          "dependencies": [
            "google_compute_network.vpc_network"
          ]
        }
      ]
    },
    {
      "mode": "managed",
      "type": "google_compute_instance",
      "name": "elastic",
      "provider": "provider[\"registry.terraform.io/hashicorp/google\"]",
      "instances": [
        {
          "schema_version": 6,
          "attributes": {
            "allow_stopping_for_update": null,
            "attached_disk": [],
            "boot_disk": [
              {
                "auto_delete": true,
                "device_name": "persistent-disk-0",
                "disk_encryption_key_raw": "",
                "disk_encryption_key_sha256": "",
                "initialize_params": [
                  {
                    "image": "https://www.googleapis.com/compute/v1/projects/ubuntu-os-cloud/global/images/ubuntu-minimal-1804-bionic-v20200806",
                    "labels": {},
                    "size": 10,
                    "type": "pd-standard"
                  }
                ],
                "kms_key_self_link": "",
                "mode": "READ_WRITE",
                "source": "https://www.googleapis.com/compute/v1/projects/fontana-286108/zones/europe-west4-a/disks/elastic"
              }
            ],
            "can_ip_forward": false,
            "cpu_platform": "Intel Skylake",
            "deletion_protection": false,
            "description": "",
            "disk": [],
            "enable_display": false,
            "guest_accelerator": [],
            "hostname": "",
            "id": "elastic",
            "instance_id": "1141221397391944674",
            "label_fingerprint": "42WmSpB8rSM=",
            "labels": {},
            "machine_type": "g1-small",
            "metadata": {
              "ssh-keys": "blufor:ssh-rsa AAAAB3NzaC1yc2EAAAADAQABAAACAQDOtTOMlAdpWZdOxNXIk1hK7xZ7VV5cUMdvbfxNjup5jlvmUZhgbgtou1n3ylhFwAhft/BDEUKvnD+t7hBVTZQ10Da+cWaRXj0GBU5vxaZdvzyXa8IcAzVUs6tYJfQSU6gh7uoDfU3F467JnxsSik9843UYAE29bYIYPliDkJZhxPN6VWy+RJ7hDXTBk3bAJXMj9FMcln2q85lRgrIQszixz7CBc79BukdTvq7v/q93Ih968VgbNYQAV0HcSHo+YFDbAUQo2QnwCk3lk7rEEmt2fAQ+VqJ8JscB+VVgrWiqYevEpYTfmgrLV/QbDd6LMLpE52Yh70sGhMUZFFo+v+bkiHvZ7kkgidukZwwzgrkQxXrS5eF1yIUZIm18+edQVcStiabzLtd031EY2+ueJ7OlRvkGapVYe1nhJaIbf2IrDfliLZTIS4XhoYSn5VtYaKjlagXjXMMJGEINha9q2//T9Srq4BCj2mn4sBRjo0woguolzJXaJcg41kQWEYaYsIgNjsHptGRCj82meOczxAZINCo/YE4bRfney0UmjM0VqDy7Ec7JZ6zQx53q2NT+lS4Wbtw6yiuuzX8jcKD5L2ULMyo3bFezzCVlHKBSS7HBHtOFBekT7Xo2aj1AeHCqyYHj2pwYXd6jrqFN00MhxTMY0ALrPWl84gufB2AIvoSbXw== blufor\n"
            },
            "metadata_fingerprint": "tG4j2e5aF4o=",
            "metadata_startup_script": "#!/bin/bash\n\napt update\napt -y install docker.io\n\ndocker run --name es     -d --network host -e \"discovery.type=single-node\" elasticsearch:7.8.1\ndocker run --name kibana -d --network host -e \"ELASTICSEARCH_HOSTS=http://localhost:9200\" kibana:7.8.1\n",
            "min_cpu_platform": "",
            "name": "elastic",
            "network_interface": [
              {
                "access_config": [
                  {
                    "assigned_nat_ip": "",
                    "nat_ip": "35.204.67.69",
                    "network_tier": "PREMIUM",
                    "public_ptr_domain_name": ""
                  }
                ],
                "address": "",
                "alias_ip_range": [],
                "name": "nic0",
                "network": "https://www.googleapis.com/compute/v1/projects/fontana-286108/global/networks/fontana-test",
                "network_ip": "10.164.0.2",
                "subnetwork": "https://www.googleapis.com/compute/v1/projects/fontana-286108/regions/europe-west4/subnetworks/fontana-test",
                "subnetwork_project": "fontana-286108"
              }
            ],
            "project": "fontana-286108",
            "scheduling": [
              {
                "automatic_restart": true,
                "node_affinities": [],
                "on_host_maintenance": "MIGRATE",
                "preemptible": false
              }
            ],
            "scratch_disk": [],
            "self_link": "https://www.googleapis.com/compute/v1/projects/fontana-286108/zones/europe-west4-a/instances/elastic",
            "service_account": [],
            "shielded_instance_config": [
              {
                "enable_integrity_monitoring": true,
                "enable_secure_boot": false,
                "enable_vtpm": true
              }
            ],
            "tags": [],
            "tags_fingerprint": "42WmSpB8rSM=",
            "timeouts": null,
            "zone": "europe-west4-a"
          },
          "private": "eyJlMmJmYjczMC1lY2FhLTExZTYtOGY4OC0zNDM2M2JjN2M0YzAiOnsiY3JlYXRlIjoxMjAwMDAwMDAwMDAwLCJkZWxldGUiOjEyMDAwMDAwMDAwMDAsInVwZGF0ZSI6MTIwMDAwMDAwMDAwMH0sInNjaGVtYV92ZXJzaW9uIjoiNiJ9",
          "dependencies": [
            "google_compute_network.vpc_network"
          ]
        }
      ]
    },
    {
      "mode": "managed",
      "type": "google_compute_network",
      "name": "vpc_network",
      "provider": "provider[\"registry.terraform.io/hashicorp/google\"]",
      "instances": [
        {
          "schema_version": 0,
          "attributes": {
            "auto_create_subnetworks": true,
            "delete_default_routes_on_create": false,
            "description": "",
            "gateway_ipv4": "",
            "id": "fontana-test",
            "ipv4_range": "",
            "name": "fontana-test",
            "project": "fontana-286108",
            "routing_mode": "REGIONAL",
            "self_link": "https://www.googleapis.com/compute/v1/projects/fontana-286108/global/networks/fontana-test",
            "timeouts": null
          },
          "private": "eyJlMmJmYjczMC1lY2FhLTExZTYtOGY4OC0zNDM2M2JjN2M0YzAiOnsiY3JlYXRlIjoyNDAwMDAwMDAwMDAsImRlbGV0ZSI6MjQwMDAwMDAwMDAwLCJ1cGRhdGUiOjI0MDAwMDAwMDAwMH19"
        }
      ]
    }
  ]
}
